<?xml version="1.0" encoding="utf-8"?>
<Project ToolsVersion="4.0" xmlns="http://schemas.microsoft.com/developer/msbuild/2003">
  <ItemGroup>
    <Filter Include="源文件">
      <UniqueIdentifier>{4FC737F1-C7A5-4376-A066-2A32D752A2FF}</UniqueIdentifier>
      <Extensions>cpp;c;cc;cxx;c++;cppm;ixx;def;odl;idl;hpj;bat;asm;asmx</Extensions>
    </Filter>
    <Filter Include="头文件">
      <UniqueIdentifier>{93995380-89BD-4b04-88EB-625FBE52EBFB}</UniqueIdentifier>
      <Extensions>h;hh;hpp;hxx;h++;hm;inl;inc;ipp;xsd</Extensions>
    </Filter>
    <Filter Include="资源文件">
      <UniqueIdentifier>{67DA6AB6-F800-4c08-8B7A-83BB121AAD01}</UniqueIdentifier>
      <Extensions>rc;ico;cur;bmp;dlg;rc2;rct;bin;rgs;gif;jpg;jpeg;jpe;resx;tiff;tif;png;wav;mfcribbon-ms</Extensions>
    </Filter>
  </ItemGroup>
  <ItemGroup>
    <ClCompile Include="src\dllmain.cpp">
      <Filter>源文件</Filter>
    </ClCompile>
    <ClCompile Include="src\common\instance\convert.cpp">
      <Filter>源文件</Filter>
    </ClCompile>
    <ClCompile Include="src\dist\jsoncpp.cpp">
      <Filter>源文件</Filter>
    </ClCompile>
    <ClCompile Include="src\common\instance\jni_func.cpp">
      <Filter>源文件</Filter>
    </ClCompile>
    <ClCompile Include="src\inject\game_hook.cpp">
      <Filter>源文件</Filter>
    </ClCompile>
    <ClCompile Include="src\common\instance\utils.cpp">
      <Filter>源文件</Filter>
    </ClCompile>
    <ClCompile Include="src\native\native_bridge.cpp">
      <Filter>源文件</Filter>
    </ClCompile>
    <ClCompile Include="src\native\preload\preloader.cpp">
      <Filter>源文件</Filter>
    </ClCompile>
    <ClCompile Include="src\native\details\natives.cpp">
      <Filter>源文件</Filter>
    </ClCompile>
    <ClCompile Include="src\common\jvm\jvm_context.cpp">
      <Filter>源文件</Filter>
    </ClCompile>
    <ClCompile Include="src\native\details\transformer_native.cpp">
      <Filter>源文件</Filter>
    </ClCompile>
    <ClCompile Include="src\native\details\skia_hook_native.cpp">
      <Filter>源文件</Filter>
    </ClCompile>
    <ClCompile Include="src\ui\Gui.cpp">
      <Filter>源文件</Filter>
    </ClCompile>
    <ClCompile Include="src\ImGui\imgui.cpp">
      <Filter>源文件</Filter>
    </ClCompile>
    <ClCompile Include="src\ImGui\imgui_demo.cpp">
      <Filter>源文件</Filter>
    </ClCompile>
    <ClCompile Include="src\ImGui\imgui_draw.cpp">
      <Filter>源文件</Filter>
    </ClCompile>
    <ClCompile Include="src\ImGui\imgui_impl_dx9.cpp">
      <Filter>源文件</Filter>
    </ClCompile>
    <ClCompile Include="src\ImGui\imgui_impl_dx11.cpp">
      <Filter>源文件</Filter>
    </ClCompile>
    <ClCompile Include="src\ImGui\imgui_impl_win32.cpp">
      <Filter>源文件</Filter>
    </ClCompile>
    <ClCompile Include="src\ImGui\imgui_tables.cpp">
      <Filter>源文件</Filter>
    </ClCompile>
    <ClCompile Include="src\ImGui\imgui_widgets.cpp">
      <Filter>源文件</Filter>
    </ClCompile>
    <ClCompile Include="src\ui\panel.cpp">
      <Filter>源文件</Filter>
    </ClCompile>
    <ClCompile Include="src\socket\localserver.cpp">
      <Filter>源文件</Filter>
    </ClCompile>
    <ClCompile Include="src\common\instance\others.cpp">
      <Filter>源文件</Filter>
    </ClCompile>
    <ClCompile Include="src\components\imgui_components.h">
      <Filter>头文件</Filter>
    </ClCompile>
    <ClCompile Include="src\Main.cpp">
      <Filter>源文件</Filter>
    </ClCompile>
    <ClCompile Include="src\components\elements\slider.cpp">
      <Filter>源文件</Filter>
    </ClCompile>
    <ClCompile Include="src\components\elements\combo.cpp">
      <Filter>源文件</Filter>
    </ClCompile>
    <ClCompile Include="src\components\elements\toggle.cpp">
      <Filter>源文件</Filter>
    </ClCompile>
    <ClCompile Include="src\components\imgui_components.cpp">
      <Filter>源文件</Filter>
    </ClCompile>
    <ClCompile Include="src\components\scroll.cpp">
      <Filter>源文件</Filter>
    </ClCompile>
    <ClCompile Include="src\components\elements\text.cpp">
      <Filter>源文件</Filter>
    </ClCompile>
    <ClCompile Include="src\ui\impl\default_ui.cpp">
      <Filter>源文件</Filter>
    </ClCompile>
  </ItemGroup>
  <ItemGroup>
    <ClInclude Include="src\common\utils.h">
      <Filter>头文件</Filter>
    </ClInclude>
    <ClInclude Include="src\dist\json\json.h">
      <Filter>头文件</Filter>
    </ClInclude>
    <ClInclude Include="src\dist\json\json-forwards.h">
      <Filter>头文件</Filter>
    </ClInclude>
    <ClInclude Include="src\inject\game_hook.h">
      <Filter>头文件</Filter>
    </ClInclude>
    <ClInclude Include="src\native\native_bridge.h">
      <Filter>头文件</Filter>
    </ClInclude>
    <ClInclude Include="src\native\preload\preloader.h">
      <Filter>头文件</Filter>
    </ClInclude>
    <ClInclude Include="src\native\preload\preloader_class.h">
      <Filter>头文件</Filter>
    </ClInclude>
    <ClInclude Include="src\native\details\natives.h">
      <Filter>头文件</Filter>
    </ClInclude>
    <ClInclude Include="src\common\jvm\jvm_context.h">
      <Filter>头文件</Filter>
    </ClInclude>
    <ClInclude Include="src\native\details\transformer_native.h">
      <Filter>头文件</Filter>
    </ClInclude>
    <ClInclude Include="src\native\preload\classes.h">
      <Filter>头文件</Filter>
    </ClInclude>
    <ClInclude Include="src\ui\Gui.h">
      <Filter>头文件</Filter>
    </ClInclude>
    <ClInclude Include="src\ui\font\Font.h">
      <Filter>头文件</Filter>
    </ClInclude>
    <ClInclude Include="src\ImGui\imconfig.h">
      <Filter>头文件</Filter>
    </ClInclude>
    <ClInclude Include="src\ImGui\imgui.h">
      <Filter>头文件</Filter>
    </ClInclude>
    <ClInclude Include="src\ImGui\imgui_impl_dx9.h">
      <Filter>头文件</Filter>
    </ClInclude>
    <ClInclude Include="src\ImGui\imgui_impl_dx11.h">
      <Filter>头文件</Filter>
    </ClInclude>
    <ClInclude Include="src\ImGui\imgui_impl_win32.h">
      <Filter>头文件</Filter>
    </ClInclude>
    <ClInclude Include="src\ImGui\imgui_internal.h">
      <Filter>头文件</Filter>
    </ClInclude>
    <ClInclude Include="src\ImGui\imstb_rectpack.h">
      <Filter>头文件</Filter>
    </ClInclude>
    <ClInclude Include="src\ImGui\imstb_textedit.h">
      <Filter>头文件</Filter>
    </ClInclude>
    <ClInclude Include="src\ImGui\imstb_truetype.h">
      <Filter>头文件</Filter>
    </ClInclude>
    <ClInclude Include="src\ui\panel.h">
      <Filter>头文件</Filter>
    </ClInclude>
    <ClInclude Include="src\socket\localserver.h">
      <Filter>头文件</Filter>
    </ClInclude>
    <ClInclude Include="src\ui\font\fonts.h">
      <Filter>头文件</Filter>
    </ClInclude>
    <ClInclude Include="src\components\scroll.h">
      <Filter>头文件</Filter>
    </ClInclude>
    <ClInclude Include="src\ui\font\icon.h">
      <Filter>头文件</Filter>
    </ClInclude>
    <ClInclude Include="src\ui\impl\default_ui.h">
      <Filter>头文件</Filter>
    </ClInclude>
  </ItemGroup>
</Project>